
Microsoft Visual Studio Solution File, Format Version 12.00
# Visual Studio Version 16
VisualStudioVersion = 16.0.29613.14
MinimumVisualStudioVersion = 10.0.40219.1
Project("{FAE04EC0-301F-11D3-BF4B-00C04F79EFBC}") = "Project Dinosours vs Robots", "Project Dinosours vs Robots\Project Dinosours vs Robots.csproj", "{A6A96810-BBA1-4783-87AF-A86E6B85430F}"
EndProject
Global
	GlobalSection(SolutionConfigurationPlatforms) = preSolution
		Debug|Any CPU = Debug|Any CPU
		Release|Any CPU = Release|Any CPU
	EndGlobalSection
	GlobalSection(ProjectConfigurationPlatforms) = postSolution
		{A6A96810-BBA1-4783-87AF-A86E6B85430F}.Debug|Any CPU.ActiveCfg = Debug|Any CPU
		{A6A96810-BBA1-4783-87AF-A86E6B85430F}.Debug|Any CPU.Build.0 = Debug|Any CPU
		{A6A96810-BBA1-4783-87AF-A86E6B85430F}.Release|Any CPU.ActiveCfg = Release|Any CPU
		{A6A96810-BBA1-4783-87AF-A86E6B85430F}.Release|Any CPU.Build.0 = Release|Any CPU
	EndGlobalSection
	GlobalSection(SolutionProperties) = preSolution
		HideSolutionNode = FALSE
	EndGlobalSection
	GlobalSection(ExtensibilityGlobals) = postSolution
		SolutionGuid = {64EF874C-5C51-4F05-B44D-B2AE57D68578}
	EndGlobalSection
EndGlobal
